
Microsoft Visual Studio Solution File, Format Version 12.00
# Visual Studio Version 16
VisualStudioVersion = 16.0.32413.511
MinimumVisualStudioVersion = 10.0.40219.1
Project("{FAE04EC0-301F-11D3-BF4B-00C04F79EFBC}") = "Count_Down", "Count_Down.csproj", "{62717A9A-FFA6-47B9-9D78-FB1427B71A34}"
EndProject
Global
	GlobalSection(SolutionConfigurationPlatforms) = preSolution
		Debug|Any CPU = Debug|Any CPU
		Release|Any CPU = Release|Any CPU
	EndGlobalSection
	GlobalSection(ProjectConfigurationPlatforms) = postSolution
		{62717A9A-FFA6-47B9-9D78-FB1427B71A34}.Debug|Any CPU.ActiveCfg = Debug|Any CPU
		{62717A9A-FFA6-47B9-9D78-FB1427B71A34}.Debug|Any CPU.Build.0 = Debug|Any CPU
		{62717A9A-FFA6-47B9-9D78-FB1427B71A34}.Release|Any CPU.ActiveCfg = Release|Any CPU
		{62717A9A-FFA6-47B9-9D78-FB1427B71A34}.Release|Any CPU.Build.0 = Release|Any CPU
	EndGlobalSection
	GlobalSection(SolutionProperties) = preSolution
		HideSolutionNode = FALSE
	EndGlobalSection
	GlobalSection(ExtensibilityGlobals) = postSolution
		SolutionGuid = {630F4BD6-A696-427A-A951-0EFE1224F86A}
	EndGlobalSection
EndGlobal
